
Microsoft Visual Studio Solution File, Format Version 12.00
# Visual Studio Version 16
VisualStudioVersion = 25.0.1704.4
MinimumVisualStudioVersion = 10.0.40219.1
Project("{FAE04EC0-301F-11D3-BF4B-00C04F79EFBC}") = "encuestas_backend", "encuestas_backend.csproj", "{0D2FE49E-D77F-4ADB-860E-675DC794566E}"
EndProject
Global
	GlobalSection(SolutionConfigurationPlatforms) = preSolution
		Debug|Any CPU = Debug|Any CPU
		Release|Any CPU = Release|Any CPU
	EndGlobalSection
	GlobalSection(ProjectConfigurationPlatforms) = postSolution
		{0D2FE49E-D77F-4ADB-860E-675DC794566E}.Debug|Any CPU.ActiveCfg = Debug|Any CPU
		{0D2FE49E-D77F-4ADB-860E-675DC794566E}.Debug|Any CPU.Build.0 = Debug|Any CPU
		{0D2FE49E-D77F-4ADB-860E-675DC794566E}.Release|Any CPU.ActiveCfg = Release|Any CPU
		{0D2FE49E-D77F-4ADB-860E-675DC794566E}.Release|Any CPU.Build.0 = Release|Any CPU
	EndGlobalSection
	GlobalSection(SolutionProperties) = preSolution
		HideSolutionNode = FALSE
	EndGlobalSection
	GlobalSection(ExtensibilityGlobals) = postSolution
		SolutionGuid = {5666D720-CF06-4B14-A570-CD32BC2AFF6A}
	EndGlobalSection
EndGlobal
